
Microsoft Visual Studio Solution File, Format Version 12.00
# Visual Studio Version 17
VisualStudioVersion = 17.0.31903.59
MinimumVisualStudioVersion = 10.0.40219.1
Project("{2150E333-8FDC-42A3-9474-1A3956D46DE8}") = "src", "src", "{584D3BA4-6400-4EAD-AC32-DB8CFCFA705E}"
EndProject
Project("{FAE04EC0-301F-11D3-BF4B-00C04F79EFBC}") = "Lift", "src\Lift\Lift.csproj", "{DBB44D75-18C4-4E4E-A010-FE7F8D57B28B}"
EndProject
Project("{2150E333-8FDC-42A3-9474-1A3956D46DE8}") = "test", "test", "{0C9928EA-75F2-4B2A-849A-54ACF5DD545D}"
EndProject
Project("{FAE04EC0-301F-11D3-BF4B-00C04F79EFBC}") = "LiftTest", "test\LiftTest\LiftTest.csproj", "{B14F91EF-8708-4D95-A7D1-57FF603996F3}"
EndProject
Global
	GlobalSection(SolutionConfigurationPlatforms) = preSolution
		Debug|Any CPU = Debug|Any CPU
		Release|Any CPU = Release|Any CPU
	EndGlobalSection
	GlobalSection(SolutionProperties) = preSolution
		HideSolutionNode = FALSE
	EndGlobalSection
	GlobalSection(ProjectConfigurationPlatforms) = postSolution
		{DBB44D75-18C4-4E4E-A010-FE7F8D57B28B}.Debug|Any CPU.ActiveCfg = Debug|Any CPU
		{DBB44D75-18C4-4E4E-A010-FE7F8D57B28B}.Debug|Any CPU.Build.0 = Debug|Any CPU
		{DBB44D75-18C4-4E4E-A010-FE7F8D57B28B}.Release|Any CPU.ActiveCfg = Release|Any CPU
		{DBB44D75-18C4-4E4E-A010-FE7F8D57B28B}.Release|Any CPU.Build.0 = Release|Any CPU
		{B14F91EF-8708-4D95-A7D1-57FF603996F3}.Debug|Any CPU.ActiveCfg = Debug|Any CPU
		{B14F91EF-8708-4D95-A7D1-57FF603996F3}.Debug|Any CPU.Build.0 = Debug|Any CPU
		{B14F91EF-8708-4D95-A7D1-57FF603996F3}.Release|Any CPU.ActiveCfg = Release|Any CPU
		{B14F91EF-8708-4D95-A7D1-57FF603996F3}.Release|Any CPU.Build.0 = Release|Any CPU
	EndGlobalSection
	GlobalSection(NestedProjects) = preSolution
		{DBB44D75-18C4-4E4E-A010-FE7F8D57B28B} = {584D3BA4-6400-4EAD-AC32-DB8CFCFA705E}
		{B14F91EF-8708-4D95-A7D1-57FF603996F3} = {0C9928EA-75F2-4B2A-849A-54ACF5DD545D}
	EndGlobalSection
EndGlobal
